// !$*UTF8*$!
{
	archiveVersion = 1;
	classes = {
	};
	objectVersion = 56;
	objects = {

/* Begin PBXBuildFile section */
		274D86BC2AD29197008A0180 /* MajdApp.swift in Sources */ = {isa = PBXBuildFile; fileRef = 274D86BB2AD29197008A0180 /* MajdApp.swift */; };
		274D86BE2AD29197008A0180 /* ContentView.swift in Sources */ = {isa = PBXBuildFile; fileRef = 274D86BD2AD29197008A0180 /* ContentView.swift */; };
		274D86C02AD29198008A0180 /* Assets.xcassets in Resources */ = {isa = PBXBuildFile; fileRef = 274D86BF2AD29198008A0180 /* Assets.xcassets */; };
		274D86C42AD29198008A0180 /* Preview Assets.xcassets in Resources */ = {isa = PBXBuildFile; fileRef = 274D86C32AD29198008A0180 /* Preview Assets.xcassets */; };
		274D86CE2AD29198008A0180 /* MajdTests.swift in Sources */ = {isa = PBXBuildFile; fileRef = 274D86CD2AD29198008A0180 /* MajdTests.swift */; };
		274D86D82AD29198008A0180 /* MajdUITests.swift in Sources */ = {isa = PBXBuildFile; fileRef = 274D86D72AD29198008A0180 /* MajdUITests.swift */; };
		274D86DA2AD29198008A0180 /* MajdUITestsLaunchTests.swift in Sources */ = {isa = PBXBuildFile; fileRef = 274D86D92AD29198008A0180 /* MajdUITestsLaunchTests.swift */; };
/* End PBXBuildFile section */

/* Begin PBXContainerItemProxy section */
		274D86CA2AD29198008A0180 /* PBXContainerItemProxy */ = {
			isa = PBXContainerItemProxy;
			containerPortal = 274D86B02AD29197008A0180 /* Project object */;
			proxyType = 1;
			remoteGlobalIDString = 274D86B72AD29197008A0180;
			remoteInfo = Majd;
		};
		274D86D42AD29198008A0180 /* PBXContainerItemProxy */ = {
			isa = PBXContainerItemProxy;
			containerPortal = 274D86B02AD29197008A0180 /* Project object */;
			proxyType = 1;
			remoteGlobalIDString = 274D86B72AD29197008A0180;
			remoteInfo = Majd;
		};
/* End PBXContainerItemProxy section */

/* Begin PBXFileReference section */
		274D86B82AD29197008A0180 /* Majd.app */ = {isa = PBXFileReference; explicitFileType = wrapper.application; includeInIndex = 0; path = Majd.app; sourceTree = BUILT_PRODUCTS_DIR; };
		274D86BB2AD29197008A0180 /* MajdApp.swift */ = {isa = PBXFileReference; lastKnownFileType = sourcecode.swift; path = MajdApp.swift; sourceTree = "<group>"; };
		274D86BD2AD29197008A0180 /* ContentView.swift */ = {isa = PBXFileReference; lastKnownFileType = sourcecode.swift; path = ContentView.swift; sourceTree = "<group>"; };
		274D86BF2AD29198008A0180 /* Assets.xcassets */ = {isa = PBXFileReference; lastKnownFileType = folder.assetcatalog; path = Assets.xcassets; sourceTree = "<group>"; };
		274D86C12AD29198008A0180 /* Majd.entitlements */ = {isa = PBXFileReference; lastKnownFileType = text.plist.entitlements; path = Majd.entitlements; sourceTree = "<group>"; };
		274D86C32AD29198008A0180 /* Preview Assets.xcassets */ = {isa = PBXFileReference; lastKnownFileType = folder.assetcatalog; path = "Preview Assets.xcassets"; sourceTree = "<group>"; };
		274D86C92AD29198008A0180 /* MajdTests.xctest */ = {isa = PBXFileReference; explicitFileType = wrapper.cfbundle; includeInIndex = 0; path = MajdTests.xctest; sourceTree = BUILT_PRODUCTS_DIR; };
		274D86CD2AD29198008A0180 /* MajdTests.swift */ = {isa = PBXFileReference; lastKnownFileType = sourcecode.swift; path = MajdTests.swift; sourceTree = "<group>"; };
		274D86D32AD29198008A0180 /* MajdUITests.xctest */ = {isa = PBXFileReference; explicitFileType = wrapper.cfbundle; includeInIndex = 0; path = MajdUITests.xctest; sourceTree = BUILT_PRODUCTS_DIR; };
		274D86D72AD29198008A0180 /* MajdUITests.swift */ = {isa = PBXFileReference; lastKnownFileType = sourcecode.swift; path = MajdUITests.swift; sourceTree = "<group>"; };
		274D86D92AD29198008A0180 /* MajdUITestsLaunchTests.swift */ = {isa = PBXFileReference; lastKnownFileType = sourcecode.swift; path = MajdUITestsLaunchTests.swift; sourceTree = "<group>"; };
/* End PBXFileReference section */

/* Begin PBXFrameworksBuildPhase section */
		274D86B52AD29197008A0180 /* Frameworks */ = {
			isa = PBXFrameworksBuildPhase;
			buildActionMask = 2147483647;
			files = (
			);
			runOnlyForDeploymentPostprocessing = 0;
		};
		274D86C62AD29198008A0180 /* Frameworks */ = {
			isa = PBXFrameworksBuildPhase;
			buildActionMask = 2147483647;
			files = (
			);
			runOnlyForDeploymentPostprocessing = 0;
		};
		274D86D02AD29198008A0180 /* Frameworks */ = {
			isa = PBXFrameworksBuildPhase;
			buildActionMask = 2147483647;
			files = (
			);
			runOnlyForDeploymentPostprocessing = 0;
		};
/* End PBXFrameworksBuildPhase section */

/* Begin PBXGroup section */
		274D86AF2AD29197008A0180 = {
			isa = PBXGroup;
			children = (
				274D86BA2AD29197008A0180 /* Majd */,
				274D86CC2AD29198008A0180 /* MajdTests */,
				274D86D62AD29198008A0180 /* MajdUITests */,
				274D86B92AD29197008A0180 /* Products */,
			);
			sourceTree = "<group>";
		};
		274D86B92AD29197008A0180 /* Products */ = {
			isa = PBXGroup;
			children = (
				274D86B82AD29197008A0180 /* Majd.app */,
				274D86C92AD29198008A0180 /* MajdTests.xctest */,
				274D86D32AD29198008A0180 /* MajdUITests.xctest */,
			);
			name = Products;
			sourceTree = "<group>";
		};
		274D86BA2AD29197008A0180 /* Majd */ = {
			isa = PBXGroup;
			children = (
				274D86BB2AD29197008A0180 /* MajdApp.swift */,
				274D86BD2AD29197008A0180 /* ContentView.swift */,
				274D86BF2AD29198008A0180 /* Assets.xcassets */,
				274D86C12AD29198008A0180 /* Majd.entitlements */,
				274D86C22AD29198008A0180 /* Preview Content */,
			);
			path = Majd;
			sourceTree = "<group>";
		};
		274D86C22AD29198008A0180 /* Preview Content */ = {
			isa = PBXGroup;
			children = (
				274D86C32AD29198008A0180 /* Preview Assets.xcassets */,
			);
			path = "Preview Content";
			sourceTree = "<group>";
		};
		274D86CC2AD29198008A0180 /* MajdTests */ = {
			isa = PBXGroup;
			children = (
				274D86CD2AD29198008A0180 /* MajdTests.swift */,
			);
			path = MajdTests;
			sourceTree = "<group>";
		};
		274D86D62AD29198008A0180 /* MajdUITests */ = {
			isa = PBXGroup;
			children = (
				274D86D72AD29198008A0180 /* MajdUITests.swift */,
				274D86D92AD29198008A0180 /* MajdUITestsLaunchTests.swift */,
			);
			path = MajdUITests;
			sourceTree = "<group>";
		};
/* End PBXGroup section */

/* Begin PBXNativeTarget section */
		274D86B72AD29197008A0180 /* Majd */ = {
			isa = PBXNativeTarget;
			buildConfigurationList = 274D86DD2AD29198008A0180 /* Build configuration list for PBXNativeTarget "Majd" */;
			buildPhases = (
				274D86B42AD29197008A0180 /* Sources */,
				274D86B52AD29197008A0180 /* Frameworks */,
				274D86B62AD29197008A0180 /* Resources */,
			);
			buildRules = (
			);
			dependencies = (
			);
			name = Majd;
			productName = Majd;
			productReference = 274D86B82AD29197008A0180 /* Majd.app */;
			productType = "com.apple.product-type.application";
		};
		274D86C82AD29198008A0180 /* MajdTests */ = {
			isa = PBXNativeTarget;
			buildConfigurationList = 274D86E02AD29198008A0180 /* Build configuration list for PBXNativeTarget "MajdTests" */;
			buildPhases = (
				274D86C52AD29198008A0180 /* Sources */,
				274D86C62AD29198008A0180 /* Frameworks */,
				274D86C72AD29198008A0180 /* Resources */,
			);
			buildRules = (
			);
			dependencies = (
				274D86CB2AD29198008A0180 /* PBXTargetDependency */,
			);
			name = MajdTests;
			productName = MajdTests;
			productReference = 274D86C92AD29198008A0180 /* MajdTests.xctest */;
			productType = "com.apple.product-type.bundle.unit-test";
		};
		274D86D22AD29198008A0180 /* MajdUITests */ = {
			isa = PBXNativeTarget;
			buildConfigurationList = 274D86E32AD29198008A0180 /* Build configuration list for PBXNativeTarget "MajdUITests" */;
			buildPhases = (
				274D86CF2AD29198008A0180 /* Sources */,
				274D86D02AD29198008A0180 /* Frameworks */,
				274D86D12AD29198008A0180 /* Resources */,
			);
			buildRules = (
			);
			dependencies = (
				274D86D52AD29198008A0180 /* PBXTargetDependency */,
			);
			name = MajdUITests;
			productName = MajdUITests;
			productReference = 274D86D32AD29198008A0180 /* MajdUITests.xctest */;
			productType = "com.apple.product-type.bundle.ui-testing";
		};
/* End PBXNativeTarget section */

/* Begin PBXProject section */
		274D86B02AD29197008A0180 /* Project object */ = {
			isa = PBXProject;
			attributes = {
				BuildIndependentTargetsInParallel = 1;
				LastSwiftUpdateCheck = 1500;
				LastUpgradeCheck = 1500;
				TargetAttributes = {
					274D86B72AD29197008A0180 = {
						CreatedOnToolsVersion = 15.0;
					};
					274D86C82AD29198008A0180 = {
						CreatedOnToolsVersion = 15.0;
						TestTargetID = 274D86B72AD29197008A0180;
					};
					274D86D22AD29198008A0180 = {
						CreatedOnToolsVersion = 15.0;
						TestTargetID = 274D86B72AD29197008A0180;
					};
				};
			};
			buildConfigurationList = 274D86B32AD29197008A0180 /* Build configuration list for PBXProject "Majd" */;
			compatibilityVersion = "Xcode 14.0";
			developmentRegion = en;
			hasScannedForEncodings = 0;
			knownRegions = (
				en,
				Base,
			);
			mainGroup = 274D86AF2AD29197008A0180;
			productRefGroup = 274D86B92AD29197008A0180 /* Products */;
			projectDirPath = "";
			projectRoot = "";
			targets = (
				274D86B72AD29197008A0180 /* Majd */,
				274D86C82AD29198008A0180 /* MajdTests */,
				274D86D22AD29198008A0180 /* MajdUITests */,
			);
		};
/* End PBXProject section */

/* Begin PBXResourcesBuildPhase section */
		274D86B62AD29197008A0180 /* Resources */ = {
			isa = PBXResourcesBuildPhase;
			buildActionMask = 2147483647;
			files = (
				274D86C42AD29198008A0180 /* Preview Assets.xcassets in Resources */,
				274D86C02AD29198008A0180 /* Assets.xcassets in Resources */,
			);
			runOnlyForDeploymentPostprocessing = 0;
		};
		274D86C72AD29198008A0180 /* Resources */ = {
			isa = PBXResourcesBuildPhase;
			buildActionMask = 2147483647;
			files = (
			);
			runOnlyForDeploymentPostprocessing = 0;
		};
		274D86D12AD29198008A0180 /* Resources */ = {
			isa = PBXResourcesBuildPhase;
			buildActionMask = 2147483647;
			files = (
			);
			runOnlyForDeploymentPostprocessing = 0;
		};
/* End PBXResourcesBuildPhase section */

/* Begin PBXSourcesBuildPhase section */
		274D86B42AD29197008A0180 /* Sources */ = {
			isa = PBXSourcesBuildPhase;
			buildActionMask = 2147483647;
			files = (
				274D86BE2AD29197008A0180 /* ContentView.swift in Sources */,
				274D86BC2AD29197008A0180 /* MajdApp.swift in Sources */,
			);
			runOnlyForDeploymentPostprocessing = 0;
		};
		274D86C52AD29198008A0180 /* Sources */ = {
			isa = PBXSourcesBuildPhase;
			buildActionMask = 2147483647;
			files = (
				274D86CE2AD29198008A0180 /* MajdTests.swift in Sources */,
			);
			runOnlyForDeploymentPostprocessing = 0;
		};
		274D86CF2AD29198008A0180 /* Sources */ = {
			isa = PBXSourcesBuildPhase;
			buildActionMask = 2147483647;
			files = (
				274D86DA2AD29198008A0180 /* MajdUITestsLaunchTests.swift in Sources */,
				274D86D82AD29198008A0180 /* MajdUITests.swift in Sources */,
			);
			runOnlyForDeploymentPostprocessing = 0;
		};
/* End PBXSourcesBuildPhase section */

/* Begin PBXTargetDependency section */
		274D86CB2AD29198008A0180 /* PBXTargetDependency */ = {
			isa = PBXTargetDependency;
			target = 274D86B72AD29197008A0180 /* Majd */;
			targetProxy = 274D86CA2AD29198008A0180 /* PBXContainerItemProxy */;
		};
		274D86D52AD29198008A0180 /* PBXTargetDependency */ = {
			isa = PBXTargetDependency;
			target = 274D86B72AD29197008A0180 /* Majd */;
			targetProxy = 274D86D42AD29198008A0180 /* PBXContainerItemProxy */;
		};
/* End PBXTargetDependency section */

/* Begin XCBuildConfiguration section */
		274D86DB2AD29198008A0180 /* Debug */ = {
			isa = XCBuildConfiguration;
			buildSettings = {
				ALWAYS_SEARCH_USER_PATHS = NO;
				ASSETCATALOG_COMPILER_GENERATE_SWIFT_ASSET_SYMBOL_EXTENSIONS = YES;
				CLANG_ANALYZER_NONNULL = YES;
				CLANG_ANALYZER_NUMBER_OBJECT_CONVERSION = YES_AGGRESSIVE;
				CLANG_CXX_LANGUAGE_STANDARD = "gnu++20";
				CLANG_ENABLE_MODULES = YES;
				CLANG_ENABLE_OBJC_ARC = YES;
				CLANG_ENABLE_OBJC_WEAK = YES;
				CLANG_WARN_BLOCK_CAPTURE_AUTORELEASING = YES;
				CLANG_WARN_BOOL_CONVERSION = YES;
				CLANG_WARN_COMMA = YES;
				CLANG_WARN_CONSTANT_CONVERSION = YES;
				CLANG_WARN_DEPRECATED_OBJC_IMPLEMENTATIONS = YES;
				CLANG_WARN_DIRECT_OBJC_ISA_USAGE = YES_ERROR;
				CLANG_WARN_DOCUMENTATION_COMMENTS = YES;
				CLANG_WARN_EMPTY_BODY = YES;
				CLANG_WARN_ENUM_CONVERSION = YES;
				CLANG_WARN_INFINITE_RECURSION = YES;
				CLANG_WARN_INT_CONVERSION = YES;
				CLANG_WARN_NON_LITERAL_NULL_CONVERSION = YES;
				CLANG_WARN_OBJC_IMPLICIT_RETAIN_SELF = YES;
				CLANG_WARN_OBJC_LITERAL_CONVERSION = YES;
				CLANG_WARN_OBJC_ROOT_CLASS = YES_ERROR;
				CLANG_WARN_QUOTED_INCLUDE_IN_FRAMEWORK_HEADER = YES;
				CLANG_WARN_RANGE_LOOP_ANALYSIS = YES;
				CLANG_WARN_STRICT_PROTOTYPES = YES;
				CLANG_WARN_SUSPICIOUS_MOVE = YES;
				CLANG_WARN_UNGUARDED_AVAILABILITY = YES_AGGRESSIVE;
				CLANG_WARN_UNREACHABLE_CODE = YES;
				CLANG_WARN__DUPLICATE_METHOD_MATCH = YES;
				COPY_PHASE_STRIP = NO;
				DEBUG_INFORMATION_FORMAT = dwarf;
				ENABLE_STRICT_OBJC_MSGSEND = YES;
				ENABLE_TESTABILITY = YES;
				ENABLE_USER_SCRIPT_SANDBOXING = YES;
				GCC_C_LANGUAGE_STANDARD = gnu17;
				GCC_DYNAMIC_NO_PIC = NO;
				GCC_NO_COMMON_BLOCKS = YES;
				GCC_OPTIMIZATION_LEVEL = 0;
				GCC_PREPROCESSOR_DEFINITIONS = (
					"DEBUG=1",
					"$(inherited)",
				);
				GCC_WARN_64_TO_32_BIT_CONVERSION = YES;
				GCC_WARN_ABOUT_RETURN_TYPE = YES_ERROR;
				GCC_WARN_UNDECLARED_SELECTOR = YES;
				GCC_WARN_UNINITIALIZED_AUTOS = YES_AGGRESSIVE;
				GCC_WARN_UNUSED_FUNCTION = YES;
				GCC_WARN_UNUSED_VARIABLE = YES;
				LOCALIZATION_PREFERS_STRING_CATALOGS = YES;
				MTL_ENABLE_DEBUG_INFO = INCLUDE_SOURCE;
				MTL_FAST_MATH = YES;
				ONLY_ACTIVE_ARCH = YES;
				SWIFT_ACTIVE_COMPILATION_CONDITIONS = "DEBUG $(inherited)";
				SWIFT_OPTIMIZATION_LEVEL = "-Onone";
			};
			name = Debug;
		};
		274D86DC2AD29198008A0180 /* Release */ = {
			isa = XCBuildConfiguration;
			buildSettings = {
				ALWAYS_SEARCH_USER_PATHS = NO;
				ASSETCATALOG_COMPILER_GENERATE_SWIFT_ASSET_SYMBOL_EXTENSIONS = YES;
				CLANG_ANALYZER_NONNULL = YES;
				CLANG_ANALYZER_NUMBER_OBJECT_CONVERSION = YES_AGGRESSIVE;
				CLANG_CXX_LANGUAGE_STANDARD = "gnu++20";
				CLANG_ENABLE_MODULES = YES;
				CLANG_ENABLE_OBJC_ARC = YES;
				CLANG_ENABLE_OBJC_WEAK = YES;
				CLANG_WARN_BLOCK_CAPTURE_AUTORELEASING = YES;
				CLANG_WARN_BOOL_CONVERSION = YES;
				CLANG_WARN_COMMA = YES;
				CLANG_WARN_CONSTANT_CONVERSION = YES;
				CLANG_WARN_DEPRECATED_OBJC_IMPLEMENTATIONS = YES;
				CLANG_WARN_DIRECT_OBJC_ISA_USAGE = YES_ERROR;
				CLANG_WARN_DOCUMENTATION_COMMENTS = YES;
				CLANG_WARN_EMPTY_BODY = YES;
				CLANG_WARN_ENUM_CONVERSION = YES;
				CLANG_WARN_INFINITE_RECURSION = YES;
				CLANG_WARN_INT_CONVERSION = YES;
				CLANG_WARN_NON_LITERAL_NULL_CONVERSION = YES;
				CLANG_WARN_OBJC_IMPLICIT_RETAIN_SELF = YES;
				CLANG_WARN_OBJC_LITERAL_CONVERSION = YES;
				CLANG_WARN_OBJC_ROOT_CLASS = YES_ERROR;
				CLANG_WARN_QUOTED_INCLUDE_IN_FRAMEWORK_HEADER = YES;
				CLANG_WARN_RANGE_LOOP_ANALYSIS = YES;
				CLANG_WARN_STRICT_PROTOTYPES = YES;
				CLANG_WARN_SUSPICIOUS_MOVE = YES;
				CLANG_WARN_UNGUARDED_AVAILABILITY = YES_AGGRESSIVE;
				CLANG_WARN_UNREACHABLE_CODE = YES;
				CLANG_WARN__DUPLICATE_METHOD_MATCH = YES;
				COPY_PHASE_STRIP = NO;
				DEBUG_INFORMATION_FORMAT = "dwarf-with-dsym";
				ENABLE_NS_ASSERTIONS = NO;
				ENABLE_STRICT_OBJC_MSGSEND = YES;
				ENABLE_USER_SCRIPT_SANDBOXING = YES;
				GCC_C_LANGUAGE_STANDARD = gnu17;
				GCC_NO_COMMON_BLOCKS = YES;
				GCC_WARN_64_TO_32_BIT_CONVERSION = YES;
				GCC_WARN_ABOUT_RETURN_TYPE = YES_ERROR;
				GCC_WARN_UNDECLARED_SELECTOR = YES;
				GCC_WARN_UNINITIALIZED_AUTOS = YES_AGGRESSIVE;
				GCC_WARN_UNUSED_FUNCTION = YES;
				GCC_WARN_UNUSED_VARIABLE = YES;
				LOCALIZATION_PREFERS_STRING_CATALOGS = YES;
				MTL_ENABLE_DEBUG_INFO = NO;
				MTL_FAST_MATH = YES;
				SWIFT_COMPILATION_MODE = wholemodule;
			};
			name = Release;
		};
		274D86DE2AD29198008A0180 /* Debug */ = {
			isa = XCBuildConfiguration;
			buildSettings = {
				ASSETCATALOG_COMPILER_APPICON_NAME = AppIcon;
				ASSETCATALOG_COMPILER_GLOBAL_ACCENT_COLOR_NAME = AccentColor;
				CODE_SIGN_ENTITLEMENTS = Majd/Majd.entitlements;
				CODE_SIGN_STYLE = Automatic;
				CURRENT_PROJECT_VERSION = 1;
				DEVELOPMENT_ASSET_PATHS = "\"Majd/Preview Content\"";
				ENABLE_PREVIEWS = YES;
				GENERATE_INFOPLIST_FILE = YES;
				"INFOPLIST_KEY_UIApplicationSceneManifest_Generation[sdk=iphoneos*]" = YES;
				"INFOPLIST_KEY_UIApplicationSceneManifest_Generation[sdk=iphonesimulator*]" = YES;
				"INFOPLIST_KEY_UIApplicationSupportsIndirectInputEvents[sdk=iphoneos*]" = YES;
				"INFOPLIST_KEY_UIApplicationSupportsIndirectInputEvents[sdk=iphonesimulator*]" = YES;
				"INFOPLIST_KEY_UILaunchScreen_Generation[sdk=iphoneos*]" = YES;
				"INFOPLIST_KEY_UILaunchScreen_Generation[sdk=iphonesimulator*]" = YES;
				"INFOPLIST_KEY_UIStatusBarStyle[sdk=iphoneos*]" = UIStatusBarStyleDefault;
				"INFOPLIST_KEY_UIStatusBarStyle[sdk=iphonesimulator*]" = UIStatusBarStyleDefault;
				INFOPLIST_KEY_UISupportedInterfaceOrientations_iPad = "UIInterfaceOrientationPortrait UIInterfaceOrientationPortraitUpsideDown UIInterfaceOrientationLandscapeLeft UIInterfaceOrientationLandscapeRight";
				INFOPLIST_KEY_UISupportedInterfaceOrientations_iPhone = "UIInterfaceOrientationPortrait UIInterfaceOrientationLandscapeLeft UIInterfaceOrientationLandscapeRight";
				IPHONEOS_DEPLOYMENT_TARGET = 17.0;
				LD_RUNPATH_SEARCH_PATHS = "@executable_path/Frameworks";
				"LD_RUNPATH_SEARCH_PATHS[sdk=macosx*]" = "@executable_path/../Frameworks";
				MACOSX_DEPLOYMENT_TARGET = 13.5;
				MARKETING_VERSION = 1.0;
				PRODUCT_BUNDLE_IDENTIFIER = Almutairi.Majd;
				PRODUCT_NAME = "$(TARGET_NAME)";
				SDKROOT = auto;
				SUPPORTED_PLATFORMS = "iphoneos iphonesimulator macosx";
				SWIFT_EMIT_LOC_STRINGS = YES;
				SWIFT_VERSION = 5.0;
				TARGETED_DEVICE_FAMILY = "1,2";
			};
			name = Debug;
		};
		274D86DF2AD29198008A0180 /* Release */ = {
			isa = XCBuildConfiguration;
			buildSettings = {
				ASSETCATALOG_COMPILER_APPICON_NAME = AppIcon;
				ASSETCATALOG_COMPILER_GLOBAL_ACCENT_COLOR_NAME = AccentColor;
				CODE_SIGN_ENTITLEMENTS = Majd/Majd.entitlements;
				CODE_SIGN_STYLE = Automatic;
				CURRENT_PROJECT_VERSION = 1;
				DEVELOPMENT_ASSET_PATHS = "\"Majd/Preview Content\"";
				ENABLE_PREVIEWS = YES;
				GENERATE_INFOPLIST_FILE = YES;
				"INFOPLIST_KEY_UIApplicationSceneManifest_Generation[sdk=iphoneos*]" = YES;
				"INFOPLIST_KEY_UIApplicationSceneManifest_Generation[sdk=iphonesimulator*]" = YES;
				"INFOPLIST_KEY_UIApplicationSupportsIndirectInputEvents[sdk=iphoneos*]" = YES;
				"INFOPLIST_KEY_UIApplicationSupportsIndirectInputEvents[sdk=iphonesimulator*]" = YES;
				"INFOPLIST_KEY_UILaunchScreen_Generation[sdk=iphoneos*]" = YES;
				"INFOPLIST_KEY_UILaunchScreen_Generation[sdk=iphonesimulator*]" = YES;
				"INFOPLIST_KEY_UIStatusBarStyle[sdk=iphoneos*]" = UIStatusBarStyleDefault;
				"INFOPLIST_KEY_UIStatusBarStyle[sdk=iphonesimulator*]" = UIStatusBarStyleDefault;
				INFOPLIST_KEY_UISupportedInterfaceOrientations_iPad = "UIInterfaceOrientationPortrait UIInterfaceOrientationPortraitUpsideDown UIInterfaceOrientationLandscapeLeft UIInterfaceOrientationLandscapeRight";
				INFOPLIST_KEY_UISupportedInterfaceOrientations_iPhone = "UIInterfaceOrientationPortrait UIInterfaceOrientationLandscapeLeft UIInterfaceOrientationLandscapeRight";
				IPHONEOS_DEPLOYMENT_TARGET = 17.0;
				LD_RUNPATH_SEARCH_PATHS = "@executable_path/Frameworks";
				"LD_RUNPATH_SEARCH_PATHS[sdk=macosx*]" = "@executable_path/../Frameworks";
				MACOSX_DEPLOYMENT_TARGET = 13.5;
				MARKETING_VERSION = 1.0;
				PRODUCT_BUNDLE_IDENTIFIER = Almutairi.Majd;
				PRODUCT_NAME = "$(TARGET_NAME)";
				SDKROOT = auto;
				SUPPORTED_PLATFORMS = "iphoneos iphonesimulator macosx";
				SWIFT_EMIT_LOC_STRINGS = YES;
				SWIFT_VERSION = 5.0;
				TARGETED_DEVICE_FAMILY = "1,2";
			};
			name = Release;
		};
		274D86E12AD29198008A0180 /* Debug */ = {
			isa = XCBuildConfiguration;
			buildSettings = {
				ALWAYS_EMBED_SWIFT_STANDARD_LIBRARIES = YES;
				BUNDLE_LOADER = "$(TEST_HOST)";
				CODE_SIGN_STYLE = Automatic;
				CURRENT_PROJECT_VERSION = 1;
				GENERATE_INFOPLIST_FILE = YES;
				IPHONEOS_DEPLOYMENT_TARGET = 17.0;
				MACOSX_DEPLOYMENT_TARGET = 13.5;
				MARKETING_VERSION = 1.0;
				PRODUCT_BUNDLE_IDENTIFIER = Almutairi.MajdTests;
				PRODUCT_NAME = "$(TARGET_NAME)";
				SDKROOT = auto;
				SUPPORTED_PLATFORMS = "iphoneos iphonesimulator macosx";
				SWIFT_EMIT_LOC_STRINGS = NO;
				SWIFT_VERSION = 5.0;
				TARGETED_DEVICE_FAMILY = "1,2";
				TEST_HOST = "$(BUILT_PRODUCTS_DIR)/Majd.app/$(BUNDLE_EXECUTABLE_FOLDER_PATH)/Majd";
			};
			name = Debug;
		};
		274D86E22AD29198008A0180 /* Release */ = {
			isa = XCBuildConfiguration;
			buildSettings = {
				ALWAYS_EMBED_SWIFT_STANDARD_LIBRARIES = YES;
				BUNDLE_LOADER = "$(TEST_HOST)";
				CODE_SIGN_STYLE = Automatic;
				CURRENT_PROJECT_VERSION = 1;
				GENERATE_INFOPLIST_FILE = YES;
				IPHONEOS_DEPLOYMENT_TARGET = 17.0;
				MACOSX_DEPLOYMENT_TARGET = 13.5;
				MARKETING_VERSION = 1.0;
				PRODUCT_BUNDLE_IDENTIFIER = Almutairi.MajdTests;
				PRODUCT_NAME = "$(TARGET_NAME)";
				SDKROOT = auto;
				SUPPORTED_PLATFORMS = "iphoneos iphonesimulator macosx";
				SWIFT_EMIT_LOC_STRINGS = NO;
				SWIFT_VERSION = 5.0;
				TARGETED_DEVICE_FAMILY = "1,2";
				TEST_HOST = "$(BUILT_PRODUCTS_DIR)/Majd.app/$(BUNDLE_EXECUTABLE_FOLDER_PATH)/Majd";
			};
			name = Release;
		};
		274D86E42AD29198008A0180 /* Debug */ = {
			isa = XCBuildConfiguration;
			buildSettings = {
				ALWAYS_EMBED_SWIFT_STANDARD_LIBRARIES = YES;
				CODE_SIGN_STYLE = Automatic;
				CURRENT_PROJECT_VERSION = 1;
				GENERATE_INFOPLIST_FILE = YES;
				IPHONEOS_DEPLOYMENT_TARGET = 17.0;
				MACOSX_DEPLOYMENT_TARGET = 13.5;
				MARKETING_VERSION = 1.0;
				PRODUCT_BUNDLE_IDENTIFIER = Almutairi.MajdUITests;
				PRODUCT_NAME = "$(TARGET_NAME)";
				SDKROOT = auto;
				SUPPORTED_PLATFORMS = "iphoneos iphonesimulator macosx";
				SWIFT_EMIT_LOC_STRINGS = NO;
				SWIFT_VERSION = 5.0;
				TARGETED_DEVICE_FAMILY = "1,2";
				TEST_TARGET_NAME = Majd;
			};
			name = Debug;
		};
		274D86E52AD29198008A0180 /* Release */ = {
			isa = XCBuildConfiguration;
			buildSettings = {
				ALWAYS_EMBED_SWIFT_STANDARD_LIBRARIES = YES;
				CODE_SIGN_STYLE = Automatic;
				CURRENT_PROJECT_VERSION = 1;
				GENERATE_INFOPLIST_FILE = YES;
				IPHONEOS_DEPLOYMENT_TARGET = 17.0;
				MACOSX_DEPLOYMENT_TARGET = 13.5;
				MARKETING_VERSION = 1.0;
				PRODUCT_BUNDLE_IDENTIFIER = Almutairi.MajdUITests;
				PRODUCT_NAME = "$(TARGET_NAME)";
				SDKROOT = auto;
				SUPPORTED_PLATFORMS = "iphoneos iphonesimulator macosx";
				SWIFT_EMIT_LOC_STRINGS = NO;
				SWIFT_VERSION = 5.0;
				TARGETED_DEVICE_FAMILY = "1,2";
				TEST_TARGET_NAME = Majd;
			};
			name = Release;
		};
/* End XCBuildConfiguration section */

/* Begin XCConfigurationList section */
		274D86B32AD29197008A0180 /* Build configuration list for PBXProject "Majd" */ = {
			isa = XCConfigurationList;
			buildConfigurations = (
				274D86DB2AD29198008A0180 /* Debug */,
				274D86DC2AD29198008A0180 /* Release */,
			);
			defaultConfigurationIsVisible = 0;
			defaultConfigurationName = Release;
		};
		274D86DD2AD29198008A0180 /* Build configuration list for PBXNativeTarget "Majd" */ = {
			isa = XCConfigurationList;
			buildConfigurations = (
				274D86DE2AD29198008A0180 /* Debug */,
				274D86DF2AD29198008A0180 /* Release */,
			);
			defaultConfigurationIsVisible = 0;
			defaultConfigurationName = Release;
		};
		274D86E02AD29198008A0180 /* Build configuration list for PBXNativeTarget "MajdTests" */ = {
			isa = XCConfigurationList;
			buildConfigurations = (
				274D86E12AD29198008A0180 /* Debug */,
				274D86E22AD29198008A0180 /* Release */,
			);
			defaultConfigurationIsVisible = 0;
			defaultConfigurationName = Release;
		};
		274D86E32AD29198008A0180 /* Build configuration list for PBXNativeTarget "MajdUITests" */ = {
			isa = XCConfigurationList;
			buildConfigurations = (
				274D86E42AD29198008A0180 /* Debug */,
				274D86E52AD29198008A0180 /* Release */,
			);
			defaultConfigurationIsVisible = 0;
			defaultConfigurationName = Release;
		};
/* End XCConfigurationList section */
	};
	rootObject = 274D86B02AD29197008A0180 /* Project object */;
}
